
Microsoft Visual Studio Solution File, Format Version 12.00
# Visual Studio Version 16
VisualStudioVersion = 16.0.30907.101
MinimumVisualStudioVersion = 10.0.40219.1
Project("{FAE04EC0-301F-11D3-BF4B-00C04F79EFBC}") = "Business", "Business\Business.csproj", "{516EC7AE-C240-4D71-8539-E021FF4D89A2}"
EndProject
Project("{FAE04EC0-301F-11D3-BF4B-00C04F79EFBC}") = "DataAccess", "DataAccess\DataAccess.csproj", "{A5FA7DD6-74D2-4277-9FA7-F7C326A819DF}"
EndProject
Project("{FAE04EC0-301F-11D3-BF4B-00C04F79EFBC}") = "Entities", "Entities\Entities.csproj", "{95994D07-FA42-4176-9A35-43173BED6D64}"
EndProject
Project("{FAE04EC0-301F-11D3-BF4B-00C04F79EFBC}") = "Console", "Console\Console.csproj", "{040728C6-2DEC-4370-A439-E9953229BD61}"
EndProject
Project("{FAE04EC0-301F-11D3-BF4B-00C04F79EFBC}") = "Core", "Core\Core.csproj", "{1D327C08-2B5E-4405-8A0B-8A05EEA7E659}"
EndProject
Global
	GlobalSection(SolutionConfigurationPlatforms) = preSolution
		Debug|Any CPU = Debug|Any CPU
		Release|Any CPU = Release|Any CPU
	EndGlobalSection
	GlobalSection(ProjectConfigurationPlatforms) = postSolution
		{516EC7AE-C240-4D71-8539-E021FF4D89A2}.Debug|Any CPU.ActiveCfg = Debug|Any CPU
		{516EC7AE-C240-4D71-8539-E021FF4D89A2}.Debug|Any CPU.Build.0 = Debug|Any CPU
		{516EC7AE-C240-4D71-8539-E021FF4D89A2}.Release|Any CPU.ActiveCfg = Release|Any CPU
		{516EC7AE-C240-4D71-8539-E021FF4D89A2}.Release|Any CPU.Build.0 = Release|Any CPU
		{A5FA7DD6-74D2-4277-9FA7-F7C326A819DF}.Debug|Any CPU.ActiveCfg = Debug|Any CPU
		{A5FA7DD6-74D2-4277-9FA7-F7C326A819DF}.Debug|Any CPU.Build.0 = Debug|Any CPU
		{A5FA7DD6-74D2-4277-9FA7-F7C326A819DF}.Release|Any CPU.ActiveCfg = Release|Any CPU
		{A5FA7DD6-74D2-4277-9FA7-F7C326A819DF}.Release|Any CPU.Build.0 = Release|Any CPU
		{95994D07-FA42-4176-9A35-43173BED6D64}.Debug|Any CPU.ActiveCfg = Debug|Any CPU
		{95994D07-FA42-4176-9A35-43173BED6D64}.Debug|Any CPU.Build.0 = Debug|Any CPU
		{95994D07-FA42-4176-9A35-43173BED6D64}.Release|Any CPU.ActiveCfg = Release|Any CPU
		{95994D07-FA42-4176-9A35-43173BED6D64}.Release|Any CPU.Build.0 = Release|Any CPU
		{040728C6-2DEC-4370-A439-E9953229BD61}.Debug|Any CPU.ActiveCfg = Debug|Any CPU
		{040728C6-2DEC-4370-A439-E9953229BD61}.Debug|Any CPU.Build.0 = Debug|Any CPU
		{040728C6-2DEC-4370-A439-E9953229BD61}.Release|Any CPU.ActiveCfg = Release|Any CPU
		{040728C6-2DEC-4370-A439-E9953229BD61}.Release|Any CPU.Build.0 = Release|Any CPU
		{1D327C08-2B5E-4405-8A0B-8A05EEA7E659}.Debug|Any CPU.ActiveCfg = Debug|Any CPU
		{1D327C08-2B5E-4405-8A0B-8A05EEA7E659}.Debug|Any CPU.Build.0 = Debug|Any CPU
		{1D327C08-2B5E-4405-8A0B-8A05EEA7E659}.Release|Any CPU.ActiveCfg = Release|Any CPU
		{1D327C08-2B5E-4405-8A0B-8A05EEA7E659}.Release|Any CPU.Build.0 = Release|Any CPU
	EndGlobalSection
	GlobalSection(SolutionProperties) = preSolution
		HideSolutionNode = FALSE
	EndGlobalSection
	GlobalSection(ExtensibilityGlobals) = postSolution
		SolutionGuid = {D0D5C27D-701E-4A09-8B6E-F20EC895FB8D}
	EndGlobalSection
EndGlobal
